// !$*UTF8*$!
{
	archiveVersion = 1;
	classes = {
	};
	objectVersion = 46;
	objects = {

/* Begin PBXBuildFile section */
		43D63C011AD7A5C000A46D35 /* ImageIO.h in Headers */ = {isa = PBXBuildFile; fileRef = 43D63C001AD7A5C000A46D35 /* ImageIO.h */; settings = {ATTRIBUTES = (Public, ); }; };
		43D63C1E1AD7A68B00A46D35 /* CGImageSource.h in Headers */ = {isa = PBXBuildFile; fileRef = 43D63C1C1AD7A68B00A46D35 /* CGImageSource.h */; settings = {ATTRIBUTES = (Public, ); }; };
		43D63C1F1AD7A68B00A46D35 /* CGImageSource.m in Sources */ = {isa = PBXBuildFile; fileRef = 43D63C1D1AD7A68B00A46D35 /* CGImageSource.m */; };
		43D63C221AD7A69700A46D35 /* CGImageDestination.h in Headers */ = {isa = PBXBuildFile; fileRef = 43D63C201AD7A69700A46D35 /* CGImageDestination.h */; settings = {ATTRIBUTES = (Public, ); }; };
		43D63C231AD7A69700A46D35 /* CGImageDestination.m in Sources */ = {isa = PBXBuildFile; fileRef = 43D63C211AD7A69700A46D35 /* CGImageDestination.m */; };
		43D63C261AD7A6A200A46D35 /* CGImageProperties.h in Headers */ = {isa = PBXBuildFile; fileRef = 43D63C241AD7A6A200A46D35 /* CGImageProperties.h */; settings = {ATTRIBUTES = (Public, ); }; };
		43D63C271AD7A6A200A46D35 /* CGImageProperties.m in Sources */ = {isa = PBXBuildFile; fileRef = 43D63C251AD7A6A200A46D35 /* CGImageProperties.m */; };
		43D63C2A1AD7A6AB00A46D35 /* CGImageMetadata.h in Headers */ = {isa = PBXBuildFile; fileRef = 43D63C281AD7A6AB00A46D35 /* CGImageMetadata.h */; settings = {ATTRIBUTES = (Public, ); }; };
		43D63C2B1AD7A6AB00A46D35 /* CGImageMetadata.m in Sources */ = {isa = PBXBuildFile; fileRef = 43D63C291AD7A6AB00A46D35 /* CGImageMetadata.m */; };
		43D63C2E1AD7A75E00A46D35 /* ImageIOBase.h in Headers */ = {isa = PBXBuildFile; fileRef = 43D63C2C1AD7A75E00A46D35 /* ImageIOBase.h */; settings = {ATTRIBUTES = (Public, ); }; };
		43D63C311AD7A98000A46D35 /* Foundation.framework in Frameworks */ = {isa = PBXBuildFile; fileRef = 43D63C301AD7A98000A46D35 /* Foundation.framework */; };
/* End PBXBuildFile section */

/* Begin PBXFileReference section */
		43D63BFB1AD7A5C000A46D35 /* ImageIO.framework */ = {isa = PBXFileReference; explicitFileType = wrapper.framework; includeInIndex = 0; path = ImageIO.framework; sourceTree = BUILT_PRODUCTS_DIR; };
		43D63BFF1AD7A5C000A46D35 /* Info.plist */ = {isa = PBXFileReference; lastKnownFileType = text.plist.xml; path = Info.plist; sourceTree = "<group>"; };
		43D63C001AD7A5C000A46D35 /* ImageIO.h */ = {isa = PBXFileReference; lastKnownFileType = sourcecode.c.h; path = ImageIO.h; sourceTree = "<group>"; };
		43D63C181AD7A5DD00A46D35 /* Android-arm.xcconfig */ = {isa = PBXFileReference; lastKnownFileType = text.xcconfig; path = "Android-arm.xcconfig"; sourceTree = "<group>"; };
		43D63C191AD7A5DD00A46D35 /* Android-x86.xcconfig */ = {isa = PBXFileReference; lastKnownFileType = text.xcconfig; path = "Android-x86.xcconfig"; sourceTree = "<group>"; };
		43D63C1A1AD7A5DD00A46D35 /* Android.xcconfig */ = {isa = PBXFileReference; lastKnownFileType = text.xcconfig; path = Android.xcconfig; sourceTree = "<group>"; };
		43D63C1C1AD7A68B00A46D35 /* CGImageSource.h */ = {isa = PBXFileReference; fileEncoding = 4; lastKnownFileType = sourcecode.c.h; path = CGImageSource.h; sourceTree = "<group>"; };
		43D63C1D1AD7A68B00A46D35 /* CGImageSource.m */ = {isa = PBXFileReference; fileEncoding = 4; lastKnownFileType = sourcecode.c.objc; path = CGImageSource.m; sourceTree = "<group>"; };
		43D63C201AD7A69700A46D35 /* CGImageDestination.h */ = {isa = PBXFileReference; fileEncoding = 4; lastKnownFileType = sourcecode.c.h; path = CGImageDestination.h; sourceTree = "<group>"; };
		43D63C211AD7A69700A46D35 /* CGImageDestination.m */ = {isa = PBXFileReference; fileEncoding = 4; lastKnownFileType = sourcecode.c.objc; path = CGImageDestination.m; sourceTree = "<group>"; };
		43D63C241AD7A6A200A46D35 /* CGImageProperties.h */ = {isa = PBXFileReference; fileEncoding = 4; lastKnownFileType = sourcecode.c.h; path = CGImageProperties.h; sourceTree = "<group>"; };
		43D63C251AD7A6A200A46D35 /* CGImageProperties.m */ = {isa = PBXFileReference; fileEncoding = 4; lastKnownFileType = sourcecode.c.objc; path = CGImageProperties.m; sourceTree = "<group>"; };
		43D63C281AD7A6AB00A46D35 /* CGImageMetadata.h */ = {isa = PBXFileReference; fileEncoding = 4; lastKnownFileType = sourcecode.c.h; path = CGImageMetadata.h; sourceTree = "<group>"; };
		43D63C291AD7A6AB00A46D35 /* CGImageMetadata.m */ = {isa = PBXFileReference; fileEncoding = 4; lastKnownFileType = sourcecode.c.objc; path = CGImageMetadata.m; sourceTree = "<group>"; };
		43D63C2C1AD7A75E00A46D35 /* ImageIOBase.h */ = {isa = PBXFileReference; fileEncoding = 4; lastKnownFileType = sourcecode.c.h; path = ImageIOBase.h; sourceTree = "<group>"; };
		43D63C301AD7A98000A46D35 /* Foundation.framework */ = {isa = PBXFileReference; lastKnownFileType = wrapper.framework; name = Foundation.framework; path = System/Library/Frameworks/Foundation.framework; sourceTree = SDKROOT; };
/* End PBXFileReference section */

/* Begin PBXFrameworksBuildPhase section */
		43D63BF71AD7A5C000A46D35 /* Frameworks */ = {
			isa = PBXFrameworksBuildPhase;
			buildActionMask = 2147483647;
			files = (
				43D63C311AD7A98000A46D35 /* Foundation.framework in Frameworks */,
			);
			runOnlyForDeploymentPostprocessing = 0;
		};
/* End PBXFrameworksBuildPhase section */

/* Begin PBXGroup section */
		43D63BF11AD7A5C000A46D35 = {
			isa = PBXGroup;
			children = (
				43D63C171AD7A5DD00A46D35 /* xcconfig */,
				43D63BFD1AD7A5C000A46D35 /* ImageIO */,
				43D63BFC1AD7A5C000A46D35 /* Products */,
			);
			sourceTree = "<group>";
		};
		43D63BFC1AD7A5C000A46D35 /* Products */ = {
			isa = PBXGroup;
			children = (
				43D63BFB1AD7A5C000A46D35 /* ImageIO.framework */,
			);
			name = Products;
			sourceTree = "<group>";
		};
		43D63BFD1AD7A5C000A46D35 /* ImageIO */ = {
			isa = PBXGroup;
			children = (
				43D63C001AD7A5C000A46D35 /* ImageIO.h */,
				43D63C2C1AD7A75E00A46D35 /* ImageIOBase.h */,
				43D63C1C1AD7A68B00A46D35 /* CGImageSource.h */,
				43D63C1D1AD7A68B00A46D35 /* CGImageSource.m */,
				43D63C201AD7A69700A46D35 /* CGImageDestination.h */,
				43D63C211AD7A69700A46D35 /* CGImageDestination.m */,
				43D63C241AD7A6A200A46D35 /* CGImageProperties.h */,
				43D63C251AD7A6A200A46D35 /* CGImageProperties.m */,
				43D63C281AD7A6AB00A46D35 /* CGImageMetadata.h */,
				43D63C291AD7A6AB00A46D35 /* CGImageMetadata.m */,
				43D63BFE1AD7A5C000A46D35 /* Supporting Files */,
			);
			path = ImageIO;
			sourceTree = "<group>";
		};
		43D63BFE1AD7A5C000A46D35 /* Supporting Files */ = {
			isa = PBXGroup;
			children = (
				43D63C301AD7A98000A46D35 /* Foundation.framework */,
				43D63BFF1AD7A5C000A46D35 /* Info.plist */,
			);
			name = "Supporting Files";
			sourceTree = "<group>";
		};
		43D63C171AD7A5DD00A46D35 /* xcconfig */ = {
			isa = PBXGroup;
			children = (
				43D63C181AD7A5DD00A46D35 /* Android-arm.xcconfig */,
				43D63C191AD7A5DD00A46D35 /* Android-x86.xcconfig */,
				43D63C1A1AD7A5DD00A46D35 /* Android.xcconfig */,
			);
			path = xcconfig;
			sourceTree = "<group>";
		};
/* End PBXGroup section */

/* Begin PBXHeadersBuildPhase section */
		43D63BF81AD7A5C000A46D35 /* Headers */ = {
			isa = PBXHeadersBuildPhase;
			buildActionMask = 2147483647;
			files = (
				43D63C2A1AD7A6AB00A46D35 /* CGImageMetadata.h in Headers */,
				43D63C221AD7A69700A46D35 /* CGImageDestination.h in Headers */,
				43D63C011AD7A5C000A46D35 /* ImageIO.h in Headers */,
				43D63C2E1AD7A75E00A46D35 /* ImageIOBase.h in Headers */,
				43D63C1E1AD7A68B00A46D35 /* CGImageSource.h in Headers */,
				43D63C261AD7A6A200A46D35 /* CGImageProperties.h in Headers */,
			);
			runOnlyForDeploymentPostprocessing = 0;
		};
/* End PBXHeadersBuildPhase section */

/* Begin PBXNativeTarget section */
		43D63BFA1AD7A5C000A46D35 /* ImageIO */ = {
			isa = PBXNativeTarget;
			buildConfigurationList = 43D63C111AD7A5C000A46D35 /* Build configuration list for PBXNativeTarget "ImageIO" */;
			buildPhases = (
				43D63BF61AD7A5C000A46D35 /* Sources */,
				43D63BF71AD7A5C000A46D35 /* Frameworks */,
				43D63BF81AD7A5C000A46D35 /* Headers */,
				43D63BF91AD7A5C000A46D35 /* Resources */,
				43D63C1B1AD7A5FA00A46D35 /* ShellScript */,
			);
			buildRules = (
			);
			dependencies = (
			);
			name = ImageIO;
			productName = ImageIO;
			productReference = 43D63BFB1AD7A5C000A46D35 /* ImageIO.framework */;
			productType = "com.apple.product-type.framework";
		};
/* End PBXNativeTarget section */

/* Begin PBXProject section */
		43D63BF21AD7A5C000A46D35 /* Project object */ = {
			isa = PBXProject;
			attributes = {
				LastUpgradeCheck = 0610;
				ORGANIZATIONNAME = "Shanghai TinyNetwork Inc.";
				TargetAttributes = {
					43D63BFA1AD7A5C000A46D35 = {
						CreatedOnToolsVersion = 6.1.1;
					};
				};
			};
			buildConfigurationList = 43D63BF51AD7A5C000A46D35 /* Build configuration list for PBXProject "ImageIO" */;
			compatibilityVersion = "Xcode 3.2";
			developmentRegion = English;
			hasScannedForEncodings = 0;
			knownRegions = (
				en,
			);
			mainGroup = 43D63BF11AD7A5C000A46D35;
			productRefGroup = 43D63BFC1AD7A5C000A46D35 /* Products */;
			projectDirPath = "";
			projectRoot = "";
			targets = (
				43D63BFA1AD7A5C000A46D35 /* ImageIO */,
			);
		};
/* End PBXProject section */

/* Begin PBXResourcesBuildPhase section */
		43D63BF91AD7A5C000A46D35 /* Resources */ = {
			isa = PBXResourcesBuildPhase;
			buildActionMask = 2147483647;
			files = (
			);
			runOnlyForDeploymentPostprocessing = 0;
		};
/* End PBXResourcesBuildPhase section */

/* Begin PBXShellScriptBuildPhase section */
		43D63C1B1AD7A5FA00A46D35 /* ShellScript */ = {
			isa = PBXShellScriptBuildPhase;
			buildActionMask = 2147483647;
			files = (
			);
			inputPaths = (
			);
			outputPaths = (
			);
			runOnlyForDeploymentPostprocessing = 0;
			shellPath = /bin/sh;
			shellScript = "pushd \"$SDK_LIB_PATH\"\nln -sf \"$LD_DYLIB_INSTALL_NAME\" \"lib$PRODUCT_NAME.so\"\npopd\n\npushd \"$SDK_ROOT/usr/include\"\nln -sf \"$INSTALL_PATH/$PUBLIC_HEADERS_FOLDER_PATH\" \"$PRODUCT_NAME\"\npopd\n";
		};
/* End PBXShellScriptBuildPhase section */

/* Begin PBXSourcesBuildPhase section */
		43D63BF61AD7A5C000A46D35 /* Sources */ = {
			isa = PBXSourcesBuildPhase;
			buildActionMask = 2147483647;
			files = (
				43D63C231AD7A69700A46D35 /* CGImageDestination.m in Sources */,
				43D63C271AD7A6A200A46D35 /* CGImageProperties.m in Sources */,
				43D63C2B1AD7A6AB00A46D35 /* CGImageMetadata.m in Sources */,
				43D63C1F1AD7A68B00A46D35 /* CGImageSource.m in Sources */,
			);
			runOnlyForDeploymentPostprocessing = 0;
		};
/* End PBXSourcesBuildPhase section */

/* Begin XCBuildConfiguration section */
		43D63C0F1AD7A5C000A46D35 /* Debug */ = {
			isa = XCBuildConfiguration;
			buildSettings = {
				ALWAYS_SEARCH_USER_PATHS = NO;
				CLANG_CXX_LANGUAGE_STANDARD = "gnu++0x";
				CLANG_CXX_LIBRARY = "libc++";
				CLANG_ENABLE_MODULES = YES;
				CLANG_ENABLE_OBJC_ARC = YES;
				CLANG_WARN_BOOL_CONVERSION = YES;
				CLANG_WARN_CONSTANT_CONVERSION = YES;
				CLANG_WARN_DIRECT_OBJC_ISA_USAGE = YES_ERROR;
				CLANG_WARN_EMPTY_BODY = YES;
				CLANG_WARN_ENUM_CONVERSION = YES;
				CLANG_WARN_INT_CONVERSION = YES;
				CLANG_WARN_OBJC_ROOT_CLASS = YES_ERROR;
				CLANG_WARN_UNREACHABLE_CODE = YES;
				CLANG_WARN__DUPLICATE_METHOD_MATCH = YES;
				COPY_PHASE_STRIP = NO;
				CURRENT_PROJECT_VERSION = 1;
				ENABLE_STRICT_OBJC_MSGSEND = YES;
				GCC_C_LANGUAGE_STANDARD = gnu99;
				GCC_DYNAMIC_NO_PIC = NO;
				GCC_OPTIMIZATION_LEVEL = 0;
				GCC_PREPROCESSOR_DEFINITIONS = (
					"DEBUG=1",
					"$(inherited)",
				);
				GCC_SYMBOLS_PRIVATE_EXTERN = NO;
				GCC_WARN_64_TO_32_BIT_CONVERSION = YES;
				GCC_WARN_ABOUT_RETURN_TYPE = YES_ERROR;
				GCC_WARN_UNDECLARED_SELECTOR = YES;
				GCC_WARN_UNINITIALIZED_AUTOS = YES_AGGRESSIVE;
				GCC_WARN_UNUSED_FUNCTION = YES;
				GCC_WARN_UNUSED_VARIABLE = YES;
				MACOSX_DEPLOYMENT_TARGET = 10.10;
				MTL_ENABLE_DEBUG_INFO = YES;
				ONLY_ACTIVE_ARCH = YES;
				SDKROOT = macosx0.0;
				VERSIONING_SYSTEM = "apple-generic";
				VERSION_INFO_PREFIX = "";
			};
			name = Debug;
		};
		43D63C101AD7A5C000A46D35 /* Release */ = {
			isa = XCBuildConfiguration;
			buildSettings = {
				ALWAYS_SEARCH_USER_PATHS = NO;
				CLANG_CXX_LANGUAGE_STANDARD = "gnu++0x";
				CLANG_CXX_LIBRARY = "libc++";
				CLANG_ENABLE_MODULES = YES;
				CLANG_ENABLE_OBJC_ARC = YES;
				CLANG_WARN_BOOL_CONVERSION = YES;
				CLANG_WARN_CONSTANT_CONVERSION = YES;
				CLANG_WARN_DIRECT_OBJC_ISA_USAGE = YES_ERROR;
				CLANG_WARN_EMPTY_BODY = YES;
				CLANG_WARN_ENUM_CONVERSION = YES;
				CLANG_WARN_INT_CONVERSION = YES;
				CLANG_WARN_OBJC_ROOT_CLASS = YES_ERROR;
				CLANG_WARN_UNREACHABLE_CODE = YES;
				CLANG_WARN__DUPLICATE_METHOD_MATCH = YES;
				COPY_PHASE_STRIP = YES;
				CURRENT_PROJECT_VERSION = 1;
				DEBUG_INFORMATION_FORMAT = "dwarf-with-dsym";
				ENABLE_NS_ASSERTIONS = NO;
				ENABLE_STRICT_OBJC_MSGSEND = YES;
				GCC_C_LANGUAGE_STANDARD = gnu99;
				GCC_WARN_64_TO_32_BIT_CONVERSION = YES;
				GCC_WARN_ABOUT_RETURN_TYPE = YES_ERROR;
				GCC_WARN_UNDECLARED_SELECTOR = YES;
				GCC_WARN_UNINITIALIZED_AUTOS = YES_AGGRESSIVE;
				GCC_WARN_UNUSED_FUNCTION = YES;
				GCC_WARN_UNUSED_VARIABLE = YES;
				MACOSX_DEPLOYMENT_TARGET = 10.10;
				MTL_ENABLE_DEBUG_INFO = NO;
				SDKROOT = macosx0.0;
				VERSIONING_SYSTEM = "apple-generic";
				VERSION_INFO_PREFIX = "";
			};
			name = Release;
		};
		43D63C121AD7A5C000A46D35 /* Debug */ = {
			isa = XCBuildConfiguration;
			baseConfigurationReference = 43D63C1A1AD7A5DD00A46D35 /* Android.xcconfig */;
			buildSettings = {
				COMBINE_HIDPI_IMAGES = YES;
				DEFINES_MODULE = NO;
				DYLIB_COMPATIBILITY_VERSION = 1;
				DYLIB_CURRENT_VERSION = 1;
				FRAMEWORK_VERSION = A;
				INFOPLIST_FILE = ImageIO/Info.plist;
				LD_RUNPATH_SEARCH_PATHS = "$(inherited) @executable_path/../Frameworks @loader_path/Frameworks";
				PRODUCT_NAME = "$(TARGET_NAME)";
				SDKROOT = macosx0.0;
				SKIP_INSTALL = NO;
			};
			name = Debug;
		};
		43D63C131AD7A5C000A46D35 /* Release */ = {
			isa = XCBuildConfiguration;
			baseConfigurationReference = 43D63C1A1AD7A5DD00A46D35 /* Android.xcconfig */;
			buildSettings = {
				COMBINE_HIDPI_IMAGES = YES;
				DEFINES_MODULE = NO;
				DYLIB_COMPATIBILITY_VERSION = 1;
				DYLIB_CURRENT_VERSION = 1;
				FRAMEWORK_VERSION = A;
				INFOPLIST_FILE = ImageIO/Info.plist;
				LD_RUNPATH_SEARCH_PATHS = "$(inherited) @executable_path/../Frameworks @loader_path/Frameworks";
				PRODUCT_NAME = "$(TARGET_NAME)";
				SDKROOT = macosx0.0;
				SKIP_INSTALL = NO;
			};
			name = Release;
		};
/* End XCBuildConfiguration section */

/* Begin XCConfigurationList section */
		43D63BF51AD7A5C000A46D35 /* Build configuration list for PBXProject "ImageIO" */ = {
			isa = XCConfigurationList;
			buildConfigurations = (
				43D63C0F1AD7A5C000A46D35 /* Debug */,
				43D63C101AD7A5C000A46D35 /* Release */,
			);
			defaultConfigurationIsVisible = 0;
			defaultConfigurationName = Release;
		};
		43D63C111AD7A5C000A46D35 /* Build configuration list for PBXNativeTarget "ImageIO" */ = {
			isa = XCConfigurationList;
			buildConfigurations = (
				43D63C121AD7A5C000A46D35 /* Debug */,
				43D63C131AD7A5C000A46D35 /* Release */,
			);
			defaultConfigurationIsVisible = 0;
			defaultConfigurationName = Release;
		};
/* End XCConfigurationList section */
	};
	rootObject = 43D63BF21AD7A5C000A46D35 /* Project object */;
}
